version = 1
requires-python = ">=3.11"

[[package]]
name = "dill"
version = "0.4.0"
source = { registry = "https://pypi.org/simple" }
sdist = { url = "https://files.pythonhosted.org/packages/12/80/630b4b88364e9a8c8c5797f4602d0f76ef820909ee32f0bacb9f90654042/dill-0.4.0.tar.gz", hash = "sha256:0633f1d2df477324f53a895b02c901fb961bdbf65a17122586ea7019292cbcf0", size = 186976 }
wheels = [
    { url = "https://files.pythonhosted.org/packages/50/3d/9373ad9c56321fdab5b41197068e1d8c25883b3fea29dd361f9b55116869/dill-0.4.0-py3-none-any.whl", hash = "sha256:44f54bf6412c2c8464c14e8243eb163690a9800dbe2c367330883b19c7561049", size = 119668 },
]

[[package]]
name = "mpmath"
version = "1.3.0"
source = { registry = "https://pypi.org/simple" }
sdist = { url = "https://files.pythonhosted.org/packages/e0/47/dd32fa426cc72114383ac549964eecb20ecfd886d1e5ccf5340b55b02f57/mpmath-1.3.0.tar.gz", hash = "sha256:7a28eb2a9774d00c7bc92411c19a89209d5da7c4c9a9e227be8330a23a25b91f", size = 508106 }
wheels = [
    { url = "https://files.pythonhosted.org/packages/43/e3/7d92a15f894aa0c9c4b49b8ee9ac9850d6e63b03c9c32c0367a13ae62209/mpmath-1.3.0-py3-none-any.whl", hash = "sha256:a0b2b9fe80bbcd81a6647ff13108738cfb482d481d826cc0e02f5b35e5c88d2c", size = 536198 },
]

[[package]]
name = "numpy"
version = "2.2.5"
source = { registry = "https://pypi.org/simple" }
sdist = { url = "https://files.pythonhosted.org/packages/dc/b2/ce4b867d8cd9c0ee84938ae1e6a6f7926ebf928c9090d036fc3c6a04f946/numpy-2.2.5.tar.gz", hash = "sha256:a9c0d994680cd991b1cb772e8b297340085466a6fe964bc9d4e80f5e2f43c291", size = 20273920 }
wheels = [
    { url = "https://files.pythonhosted.org/packages/f5/fb/e4e4c254ba40e8f0c78218f9e86304628c75b6900509b601c8433bdb5da7/numpy-2.2.5-cp311-cp311-macosx_10_9_x86_64.whl", hash = "sha256:c42365005c7a6c42436a54d28c43fe0e01ca11eb2ac3cefe796c25a5f98e5e9b", size = 21256475 },
    { url = "https://files.pythonhosted.org/packages/81/32/dd1f7084f5c10b2caad778258fdaeedd7fbd8afcd2510672811e6138dfac/numpy-2.2.5-cp311-cp311-macosx_11_0_arm64.whl", hash = "sha256:498815b96f67dc347e03b719ef49c772589fb74b8ee9ea2c37feae915ad6ebda", size = 14461474 },
    { url = "https://files.pythonhosted.org/packages/0e/65/937cdf238ef6ac54ff749c0f66d9ee2b03646034c205cea9b6c51f2f3ad1/numpy-2.2.5-cp311-cp311-macosx_14_0_arm64.whl", hash = "sha256:6411f744f7f20081b1b4e7112e0f4c9c5b08f94b9f086e6f0adf3645f85d3a4d", size = 5426875 },
    { url = "https://files.pythonhosted.org/packages/25/17/814515fdd545b07306eaee552b65c765035ea302d17de1b9cb50852d2452/numpy-2.2.5-cp311-cp311-macosx_14_0_x86_64.whl", hash = "sha256:9de6832228f617c9ef45d948ec1cd8949c482238d68b2477e6f642c33a7b0a54", size = 6969176 },
    { url = "https://files.pythonhosted.org/packages/e5/32/a66db7a5c8b5301ec329ab36d0ecca23f5e18907f43dbd593c8ec326d57c/numpy-2.2.5-cp311-cp311-manylinux_2_17_aarch64.manylinux2014_aarch64.whl", hash = "sha256:369e0d4647c17c9363244f3468f2227d557a74b6781cb62ce57cf3ef5cc7c610", size = 14374850 },
    { url = "https://files.pythonhosted.org/packages/ad/c9/1bf6ada582eebcbe8978f5feb26584cd2b39f94ededeea034ca8f84af8c8/numpy-2.2.5-cp311-cp311-manylinux_2_17_x86_64.manylinux2014_x86_64.whl", hash = "sha256:262d23f383170f99cd9191a7c85b9a50970fe9069b2f8ab5d786eca8a675d60b", size = 16430306 },
    { url = "https://files.pythonhosted.org/packages/6a/f0/3f741863f29e128f4fcfdb99253cc971406b402b4584663710ee07f5f7eb/numpy-2.2.5-cp311-cp311-musllinux_1_2_aarch64.whl", hash = "sha256:aa70fdbdc3b169d69e8c59e65c07a1c9351ceb438e627f0fdcd471015cd956be", size = 15884767 },
    { url = "https://files.pythonhosted.org/packages/98/d9/4ccd8fd6410f7bf2d312cbc98892e0e43c2fcdd1deae293aeb0a93b18071/numpy-2.2.5-cp311-cp311-musllinux_1_2_x86_64.whl", hash = "sha256:37e32e985f03c06206582a7323ef926b4e78bdaa6915095ef08070471865b906", size = 18219515 },
    { url = "https://files.pythonhosted.org/packages/b1/56/783237243d4395c6dd741cf16eeb1a9035ee3d4310900e6b17e875d1b201/numpy-2.2.5-cp311-cp311-win32.whl", hash = "sha256:f5045039100ed58fa817a6227a356240ea1b9a1bc141018864c306c1a16d4175", size = 6607842 },
    { url = "https://files.pythonhosted.org/packages/98/89/0c93baaf0094bdaaaa0536fe61a27b1dce8a505fa262a865ec142208cfe9/numpy-2.2.5-cp311-cp311-win_amd64.whl", hash = "sha256:b13f04968b46ad705f7c8a80122a42ae8f620536ea38cf4bdd374302926424dd", size = 12949071 },
    { url = "https://files.pythonhosted.org/packages/e2/f7/1fd4ff108cd9d7ef929b8882692e23665dc9c23feecafbb9c6b80f4ec583/numpy-2.2.5-cp312-cp312-macosx_10_13_x86_64.whl", hash = "sha256:ee461a4eaab4f165b68780a6a1af95fb23a29932be7569b9fab666c407969051", size = 20948633 },
    { url = "https://files.pythonhosted.org/packages/12/03/d443c278348371b20d830af155ff2079acad6a9e60279fac2b41dbbb73d8/numpy-2.2.5-cp312-cp312-macosx_11_0_arm64.whl", hash = "sha256:ec31367fd6a255dc8de4772bd1658c3e926d8e860a0b6e922b615e532d320ddc", size = 14176123 },
    { url = "https://files.pythonhosted.org/packages/2b/0b/5ca264641d0e7b14393313304da48b225d15d471250376f3fbdb1a2be603/numpy-2.2.5-cp312-cp312-macosx_14_0_arm64.whl", hash = "sha256:47834cde750d3c9f4e52c6ca28a7361859fcaf52695c7dc3cc1a720b8922683e", size = 5163817 },
    { url = "https://files.pythonhosted.org/packages/04/b3/d522672b9e3d28e26e1613de7675b441bbd1eaca75db95680635dd158c67/numpy-2.2.5-cp312-cp312-macosx_14_0_x86_64.whl", hash = "sha256:2c1a1c6ccce4022383583a6ded7bbcda22fc635eb4eb1e0a053336425ed36dfa", size = 6698066 },
    { url = "https://files.pythonhosted.org/packages/a0/93/0f7a75c1ff02d4b76df35079676b3b2719fcdfb39abdf44c8b33f43ef37d/numpy-2.2.5-cp312-cp312-manylinux_2_17_aarch64.manylinux2014_aarch64.whl", hash = "sha256:9d75f338f5f79ee23548b03d801d28a505198297534f62416391857ea0479571", size = 14087277 },
    { url = "https://files.pythonhosted.org/packages/b0/d9/7c338b923c53d431bc837b5b787052fef9ae68a56fe91e325aac0d48226e/numpy-2.2.5-cp312-cp312-manylinux_2_17_x86_64.manylinux2014_x86_64.whl", hash = "sha256:3a801fef99668f309b88640e28d261991bfad9617c27beda4a3aec4f217ea073", size = 16135742 },
    { url = "https://files.pythonhosted.org/packages/2d/10/4dec9184a5d74ba9867c6f7d1e9f2e0fb5fe96ff2bf50bb6f342d64f2003/numpy-2.2.5-cp312-cp312-musllinux_1_2_aarch64.whl", hash = "sha256:abe38cd8381245a7f49967a6010e77dbf3680bd3627c0fe4362dd693b404c7f8", size = 15581825 },
    { url = "https://files.pythonhosted.org/packages/80/1f/2b6fcd636e848053f5b57712a7d1880b1565eec35a637fdfd0a30d5e738d/numpy-2.2.5-cp312-cp312-musllinux_1_2_x86_64.whl", hash = "sha256:5a0ac90e46fdb5649ab6369d1ab6104bfe5854ab19b645bf5cda0127a13034ae", size = 17899600 },
    { url = "https://files.pythonhosted.org/packages/ec/87/36801f4dc2623d76a0a3835975524a84bd2b18fe0f8835d45c8eae2f9ff2/numpy-2.2.5-cp312-cp312-win32.whl", hash = "sha256:0cd48122a6b7eab8f06404805b1bd5856200e3ed6f8a1b9a194f9d9054631beb", size = 6312626 },
    { url = "https://files.pythonhosted.org/packages/8b/09/4ffb4d6cfe7ca6707336187951992bd8a8b9142cf345d87ab858d2d7636a/numpy-2.2.5-cp312-cp312-win_amd64.whl", hash = "sha256:ced69262a8278547e63409b2653b372bf4baff0870c57efa76c5703fd6543282", size = 12645715 },
    { url = "https://files.pythonhosted.org/packages/e2/a0/0aa7f0f4509a2e07bd7a509042967c2fab635690d4f48c6c7b3afd4f448c/numpy-2.2.5-cp313-cp313-macosx_10_13_x86_64.whl", hash = "sha256:059b51b658f4414fff78c6d7b1b4e18283ab5fa56d270ff212d5ba0c561846f4", size = 20935102 },
    { url = "https://files.pythonhosted.org/packages/7e/e4/a6a9f4537542912ec513185396fce52cdd45bdcf3e9d921ab02a93ca5aa9/numpy-2.2.5-cp313-cp313-macosx_11_0_arm64.whl", hash = "sha256:47f9ed103af0bc63182609044b0490747e03bd20a67e391192dde119bf43d52f", size = 14191709 },
    { url = "https://files.pythonhosted.org/packages/be/65/72f3186b6050bbfe9c43cb81f9df59ae63603491d36179cf7a7c8d216758/numpy-2.2.5-cp313-cp313-macosx_14_0_arm64.whl", hash = "sha256:261a1ef047751bb02f29dfe337230b5882b54521ca121fc7f62668133cb119c9", size = 5149173 },
    { url = "https://files.pythonhosted.org/packages/e5/e9/83e7a9432378dde5802651307ae5e9ea07bb72b416728202218cd4da2801/numpy-2.2.5-cp313-cp313-macosx_14_0_x86_64.whl", hash = "sha256:4520caa3807c1ceb005d125a75e715567806fed67e315cea619d5ec6e75a4191", size = 6684502 },
    { url = "https://files.pythonhosted.org/packages/ea/27/b80da6c762394c8ee516b74c1f686fcd16c8f23b14de57ba0cad7349d1d2/numpy-2.2.5-cp313-cp313-manylinux_2_17_aarch64.manylinux2014_aarch64.whl", hash = "sha256:3d14b17b9be5f9c9301f43d2e2a4886a33b53f4e6fdf9ca2f4cc60aeeee76372", size = 14084417 },
    { url = "https://files.pythonhosted.org/packages/aa/fc/ebfd32c3e124e6a1043e19c0ab0769818aa69050ce5589b63d05ff185526/numpy-2.2.5-cp313-cp313-manylinux_2_17_x86_64.manylinux2014_x86_64.whl", hash = "sha256:2ba321813a00e508d5421104464510cc962a6f791aa2fca1c97b1e65027da80d", size = 16133807 },
    { url = "https://files.pythonhosted.org/packages/bf/9b/4cc171a0acbe4666f7775cfd21d4eb6bb1d36d3a0431f48a73e9212d2278/numpy-2.2.5-cp313-cp313-musllinux_1_2_aarch64.whl", hash = "sha256:a4cbdef3ddf777423060c6f81b5694bad2dc9675f110c4b2a60dc0181543fac7", size = 15575611 },
    { url = "https://files.pythonhosted.org/packages/a3/45/40f4135341850df48f8edcf949cf47b523c404b712774f8855a64c96ef29/numpy-2.2.5-cp313-cp313-musllinux_1_2_x86_64.whl", hash = "sha256:54088a5a147ab71a8e7fdfd8c3601972751ded0739c6b696ad9cb0343e21ab73", size = 17895747 },
    { url = "https://files.pythonhosted.org/packages/f8/4c/b32a17a46f0ffbde8cc82df6d3daeaf4f552e346df143e1b188a701a8f09/numpy-2.2.5-cp313-cp313-win32.whl", hash = "sha256:c8b82a55ef86a2d8e81b63da85e55f5537d2157165be1cb2ce7cfa57b6aef38b", size = 6309594 },
    { url = "https://files.pythonhosted.org/packages/13/ae/72e6276feb9ef06787365b05915bfdb057d01fceb4a43cb80978e518d79b/numpy-2.2.5-cp313-cp313-win_amd64.whl", hash = "sha256:d8882a829fd779f0f43998e931c466802a77ca1ee0fe25a3abe50278616b1471", size = 12638356 },
    { url = "https://files.pythonhosted.org/packages/79/56/be8b85a9f2adb688e7ded6324e20149a03541d2b3297c3ffc1a73f46dedb/numpy-2.2.5-cp313-cp313t-macosx_10_13_x86_64.whl", hash = "sha256:e8b025c351b9f0e8b5436cf28a07fa4ac0204d67b38f01433ac7f9b870fa38c6", size = 20963778 },
    { url = "https://files.pythonhosted.org/packages/ff/77/19c5e62d55bff507a18c3cdff82e94fe174957bad25860a991cac719d3ab/numpy-2.2.5-cp313-cp313t-macosx_11_0_arm64.whl", hash = "sha256:8dfa94b6a4374e7851bbb6f35e6ded2120b752b063e6acdd3157e4d2bb922eba", size = 14207279 },
    { url = "https://files.pythonhosted.org/packages/75/22/aa11f22dc11ff4ffe4e849d9b63bbe8d4ac6d5fae85ddaa67dfe43be3e76/numpy-2.2.5-cp313-cp313t-macosx_14_0_arm64.whl", hash = "sha256:97c8425d4e26437e65e1d189d22dff4a079b747ff9c2788057bfb8114ce1e133", size = 5199247 },
    { url = "https://files.pythonhosted.org/packages/4f/6c/12d5e760fc62c08eded0394f62039f5a9857f758312bf01632a81d841459/numpy-2.2.5-cp313-cp313t-macosx_14_0_x86_64.whl", hash = "sha256:352d330048c055ea6db701130abc48a21bec690a8d38f8284e00fab256dc1376", size = 6711087 },
    { url = "https://files.pythonhosted.org/packages/ef/94/ece8280cf4218b2bee5cec9567629e61e51b4be501e5c6840ceb593db945/numpy-2.2.5-cp313-cp313t-manylinux_2_17_aarch64.manylinux2014_aarch64.whl", hash = "sha256:8b4c0773b6ada798f51f0f8e30c054d32304ccc6e9c5d93d46cb26f3d385ab19", size = 14059964 },
    { url = "https://files.pythonhosted.org/packages/39/41/c5377dac0514aaeec69115830a39d905b1882819c8e65d97fc60e177e19e/numpy-2.2.5-cp313-cp313t-manylinux_2_17_x86_64.manylinux2014_x86_64.whl", hash = "sha256:55f09e00d4dccd76b179c0f18a44f041e5332fd0e022886ba1c0bbf3ea4a18d0", size = 16121214 },
    { url = "https://files.pythonhosted.org/packages/db/54/3b9f89a943257bc8e187145c6bc0eb8e3d615655f7b14e9b490b053e8149/numpy-2.2.5-cp313-cp313t-musllinux_1_2_aarch64.whl", hash = "sha256:02f226baeefa68f7d579e213d0f3493496397d8f1cff5e2b222af274c86a552a", size = 15575788 },
    { url = "https://files.pythonhosted.org/packages/b1/c4/2e407e85df35b29f79945751b8f8e671057a13a376497d7fb2151ba0d290/numpy-2.2.5-cp313-cp313t-musllinux_1_2_x86_64.whl", hash = "sha256:c26843fd58f65da9491165072da2cccc372530681de481ef670dcc8e27cfb066", size = 17893672 },
    { url = "https://files.pythonhosted.org/packages/29/7e/d0b44e129d038dba453f00d0e29ebd6eaf2f06055d72b95b9947998aca14/numpy-2.2.5-cp313-cp313t-win32.whl", hash = "sha256:1a161c2c79ab30fe4501d5a2bbfe8b162490757cf90b7f05be8b80bc02f7bb8e", size = 6377102 },
    { url = "https://files.pythonhosted.org/packages/63/be/b85e4aa4bf42c6502851b971f1c326d583fcc68227385f92089cf50a7b45/numpy-2.2.5-cp313-cp313t-win_amd64.whl", hash = "sha256:d403c84991b5ad291d3809bace5e85f4bbf44a04bdc9a88ed2bb1807b3360bb8", size = 12750096 },
]

[[package]]
name = "pbr"
version = "6.1.1"
source = { registry = "https://pypi.org/simple" }
dependencies = [
    { name = "setuptools" },
]
sdist = { url = "https://files.pythonhosted.org/packages/01/d2/510cc0d218e753ba62a1bc1434651db3cd797a9716a0a66cc714cb4f0935/pbr-6.1.1.tar.gz", hash = "sha256:93ea72ce6989eb2eed99d0f75721474f69ad88128afdef5ac377eb797c4bf76b", size = 125702 }
wheels = [
    { url = "https://files.pythonhosted.org/packages/47/ac/684d71315abc7b1214d59304e23a982472967f6bf4bde5a98f1503f648dc/pbr-6.1.1-py2.py3-none-any.whl", hash = "sha256:38d4daea5d9fa63b3f626131b9d34947fd0c8be9b05a29276870580050a25a76", size = 108997 },
]

[[package]]
name = "psutil"
version = "7.0.0"
source = { registry = "https://pypi.org/simple" }
sdist = { url = "https://files.pythonhosted.org/packages/2a/80/336820c1ad9286a4ded7e845b2eccfcb27851ab8ac6abece774a6ff4d3de/psutil-7.0.0.tar.gz", hash = "sha256:7be9c3eba38beccb6495ea33afd982a44074b78f28c434a1f51cc07fd315c456", size = 497003 }
wheels = [
    { url = "https://files.pythonhosted.org/packages/ed/e6/2d26234410f8b8abdbf891c9da62bee396583f713fb9f3325a4760875d22/psutil-7.0.0-cp36-abi3-macosx_10_9_x86_64.whl", hash = "sha256:101d71dc322e3cffd7cea0650b09b3d08b8e7c4109dd6809fe452dfd00e58b25", size = 238051 },
    { url = "https://files.pythonhosted.org/packages/04/8b/30f930733afe425e3cbfc0e1468a30a18942350c1a8816acfade80c005c4/psutil-7.0.0-cp36-abi3-macosx_11_0_arm64.whl", hash = "sha256:39db632f6bb862eeccf56660871433e111b6ea58f2caea825571951d4b6aa3da", size = 239535 },
    { url = "https://files.pythonhosted.org/packages/2a/ed/d362e84620dd22876b55389248e522338ed1bf134a5edd3b8231d7207f6d/psutil-7.0.0-cp36-abi3-manylinux_2_12_i686.manylinux2010_i686.manylinux_2_17_i686.manylinux2014_i686.whl", hash = "sha256:1fcee592b4c6f146991ca55919ea3d1f8926497a713ed7faaf8225e174581e91", size = 275004 },
    { url = "https://files.pythonhosted.org/packages/bf/b9/b0eb3f3cbcb734d930fdf839431606844a825b23eaf9a6ab371edac8162c/psutil-7.0.0-cp36-abi3-manylinux_2_12_x86_64.manylinux2010_x86_64.manylinux_2_17_x86_64.manylinux2014_x86_64.whl", hash = "sha256:4b1388a4f6875d7e2aff5c4ca1cc16c545ed41dd8bb596cefea80111db353a34", size = 277986 },
    { url = "https://files.pythonhosted.org/packages/eb/a2/709e0fe2f093556c17fbafda93ac032257242cabcc7ff3369e2cb76a97aa/psutil-7.0.0-cp36-abi3-manylinux_2_17_aarch64.manylinux2014_aarch64.whl", hash = "sha256:a5f098451abc2828f7dc6b58d44b532b22f2088f4999a937557b603ce72b1993", size = 279544 },
    { url = "https://files.pythonhosted.org/packages/50/e6/eecf58810b9d12e6427369784efe814a1eec0f492084ce8eb8f4d89d6d61/psutil-7.0.0-cp37-abi3-win32.whl", hash = "sha256:ba3fcef7523064a6c9da440fc4d6bd07da93ac726b5733c29027d7dc95b39d99", size = 241053 },
    { url = "https://files.pythonhosted.org/packages/50/1b/6921afe68c74868b4c9fa424dad3be35b095e16687989ebbb50ce4fceb7c/psutil-7.0.0-cp37-abi3-win_amd64.whl", hash = "sha256:4cf3d4eb1aa9b348dec30105c55cd9b7d4629285735a102beb4441e38db90553", size = 244885 },
]

[[package]]
name = "python-dateutil"
version = "2.9.0.post0"
source = { registry = "https://pypi.org/simple" }
dependencies = [
    { name = "six" },
]
sdist = { url = "https://files.pythonhosted.org/packages/66/c0/0c8b6ad9f17a802ee498c46e004a0eb49bc148f2fd230864601a86dcf6db/python-dateutil-2.9.0.post0.tar.gz", hash = "sha256:37dd54208da7e1cd875388217d5e00ebd4179249f90fb72437e91a35459a0ad3", size = 342432 }
wheels = [
    { url = "https://files.pythonhosted.org/packages/ec/57/56b9bcc3c9c6a792fcbaf139543cee77261f3651ca9da0c93f5c1221264b/python_dateutil-2.9.0.post0-py2.py3-none-any.whl", hash = "sha256:a8b2bc7bffae282281c8140a97d3aa9c14da0b136dfe83f850eea9a5f7470427", size = 229892 },
]

[[package]]
name = "python-template"
version = "0.1.0"
source = { virtual = "." }
dependencies = [
    { name = "numpy" },
    { name = "qiskit" },
    { name = "qiskit-aer" },
]

[package.metadata]
requires-dist = [
    { name = "numpy", specifier = ">=2.2.5" },
    { name = "qiskit", specifier = ">=2.0.0" },
    { name = "qiskit-aer", specifier = ">=0.17.0" },
]

[[package]]
name = "qiskit"
version = "2.0.0"
source = { registry = "https://pypi.org/simple" }
dependencies = [
    { name = "dill" },
    { name = "numpy" },
    { name = "python-dateutil" },
    { name = "rustworkx" },
    { name = "scipy" },
    { name = "stevedore" },
    { name = "symengine" },
    { name = "sympy" },
    { name = "typing-extensions" },
]
sdist = { url = "https://files.pythonhosted.org/packages/ca/3f/2dbcd1230b6faa39345ba396f568f54835b430366cd1a3152ca1f9ee74fa/qiskit-2.0.0.tar.gz", hash = "sha256:a5d894f93405d45d02c2f94032b3dfb4dfa89255b5639b3901fd5ad375670efc", size = 3386721 }
wheels = [
    { url = "https://files.pythonhosted.org/packages/80/45/3770048b7f0b31b8a9c09414c891cccb7c7da08b82412324d5bfbe82c545/qiskit-2.0.0-cp39-abi3-macosx_10_12_x86_64.whl", hash = "sha256:401ddeadd839b31f2c2dafdd43b677c95d7ca1f268e857538bfb66323bd3cc2e", size = 6326266 },
    { url = "https://files.pythonhosted.org/packages/d0/fb/c27db650f1d6d3f45012c11d45e2425755ba0100104a8f33f703754c66a8/qiskit-2.0.0-cp39-abi3-macosx_11_0_arm64.whl", hash = "sha256:968f37825e76cb3d28020a4dbc0830b4a9118ef90d56d5eb92e9f85978da18e8", size = 5971983 },
    { url = "https://files.pythonhosted.org/packages/00/2b/c31c04468434ec05737d52c6d21fbd7d408628133eaf512c5ad14ba985ae/qiskit-2.0.0-cp39-abi3-manylinux_2_17_aarch64.manylinux2014_aarch64.whl", hash = "sha256:105e6b7063872875333b258527daf80eae3f5bf3880da8b14bfa7d9d82088bbb", size = 6523280 },
    { url = "https://files.pythonhosted.org/packages/4a/c7/79b9997ab7e7327cea062557bd42add37a7d04e1fbf93a92fea80fcdcd83/qiskit-2.0.0-cp39-abi3-manylinux_2_17_ppc64le.manylinux2014_ppc64le.whl", hash = "sha256:cdcf7b655d4ea7dbaede98eb7afbf9c9080af4e9030772fd87f4ade55485eda0", size = 6599257 },
    { url = "https://files.pythonhosted.org/packages/1a/ee/7169ea6ea51b19a6387709b8ef49c2104f22c2635e4597deb4ec33f3b2f8/qiskit-2.0.0-cp39-abi3-manylinux_2_17_s390x.manylinux2014_s390x.whl", hash = "sha256:0a289a9336fb04b48462b2e6d89da00ac82f7d03ea595dfe8c841d78aa8976c8", size = 7700066 },
    { url = "https://files.pythonhosted.org/packages/91/6b/1a251a18497eda67213efd16369ab6f35b0ca7db325a5bda810661aad25e/qiskit-2.0.0-cp39-abi3-manylinux_2_17_x86_64.manylinux2014_x86_64.whl", hash = "sha256:9459733ebd46a94af68586b71ca2975112459386fbe729c69cf3534a64ee17b1", size = 6475361 },
    { url = "https://files.pythonhosted.org/packages/df/f4/a264fc2c604d1407e930313044e43ef398cbeebe8b2c43833985c4da3dea/qiskit-2.0.0-cp39-abi3-win_amd64.whl", hash = "sha256:538e7d3a239d562a16f7f626e6fcb14502f755ff50d4c86f83d505939391fe61", size = 6228840 },
]

[[package]]
name = "qiskit-aer"
version = "0.17.0"
source = { registry = "https://pypi.org/simple" }
dependencies = [
    { name = "numpy" },
    { name = "psutil" },
    { name = "qiskit" },
    { name = "scipy" },
]
sdist = { url = "https://files.pythonhosted.org/packages/fb/0c/5e3ce625e991caabe2b6ca790e766b2a3c633c52b3fa76864902c4c5b676/qiskit_aer-0.17.0.tar.gz", hash = "sha256:8e17c6a10cea5ebcb0316b71ac2afaf4f2fb26ca2f124d9122f3bf1cf68d095c", size = 6551809 }
wheels = [
    { url = "https://files.pythonhosted.org/packages/8d/01/aad537fc4b95f05ed343848f878d3f17b0f8562b62a39adc613465ded125/qiskit_aer-0.17.0-cp311-cp311-macosx_10_9_x86_64.whl", hash = "sha256:e0d34d1ca2272351cdf5f0d49da7649a98736a59d5f36523ddc66cfb4739de4a", size = 2477980 },
    { url = "https://files.pythonhosted.org/packages/6e/09/f2fb722bd121b0868eb585f0ce2c37745e40d55ec1613eb3d3bdd3821e7f/qiskit_aer-0.17.0-cp311-cp311-macosx_11_0_arm64.whl", hash = "sha256:5b3ba68b4c7432aab65796c23fbb82bcccfd3bf7a979bc16193db5d6ff48b10c", size = 2164451 },
    { url = "https://files.pythonhosted.org/packages/69/ae/fc654bb0a8fece8ff4d269b38f6840183e239c083780c901c264cf328189/qiskit_aer-0.17.0-cp311-cp311-manylinux_2_17_aarch64.manylinux2014_aarch64.whl", hash = "sha256:13455198a5928e38e3c9844976a91c24f88726126e257a44d0027b0d9c0402e1", size = 6429909 },
    { url = "https://files.pythonhosted.org/packages/70/5e/67e6821010e59d803ca9549efaa948fccd83d6250581de03fdcbf7d4fbd2/qiskit_aer-0.17.0-cp311-cp311-manylinux_2_17_i686.manylinux2014_i686.whl", hash = "sha256:79ec8397b9cd1f4d2f29a16dcec1853875f399704f98b76dcf6cef3464480807", size = 7941367 },
    { url = "https://files.pythonhosted.org/packages/35/03/5c25712f539c663658232e8e3cab835faf1008a6df3b9e68b6a3f9335d1e/qiskit_aer-0.17.0-cp311-cp311-manylinux_2_17_ppc64le.manylinux2014_ppc64le.whl", hash = "sha256:06e938a0347401c8bfd3c3229a7c88a1a97f7db182480726a267db391ca69077", size = 7891475 },
    { url = "https://files.pythonhosted.org/packages/55/f9/97b6e96850dfa1dffc4a50229260496ccda62d0cf25bd0b921714945fa2e/qiskit_aer-0.17.0-cp311-cp311-manylinux_2_17_x86_64.manylinux2014_x86_64.whl", hash = "sha256:7c64d8fd639362cd50a53baa3500045b936add3905bdb8e678db3ef7e644001e", size = 12357024 },
    { url = "https://files.pythonhosted.org/packages/0f/5c/dbf59c5e96b553c520c53c9715b3b195a91b9fdbd7e3d0bc9344fad59cce/qiskit_aer-0.17.0-cp311-cp311-win32.whl", hash = "sha256:d812a5d58e039cbd738ebfe0315f7e9a475c270d8c962117920b6c3d731f71ba", size = 6899589 },
    { url = "https://files.pythonhosted.org/packages/5c/a8/91b7582cdf7408d07c30218bb9d01d39413192eb139be3ea662f88e1653d/qiskit_aer-0.17.0-cp311-cp311-win_amd64.whl", hash = "sha256:1b10e3dbdf1bdaaed8477d1140da160bbfbaa1313ff05400b7f6e4ec36773c49", size = 9522319 },
    { url = "https://files.pythonhosted.org/packages/6e/c7/ea066c5b34991c57c9f73a0c169e951535bbe69b4e3b30995b77d3098a4a/qiskit_aer-0.17.0-cp312-cp312-macosx_10_13_x86_64.whl", hash = "sha256:83affcb117e2182ea193d46d735aa9bd73778346b87e9cfe8ba865ce350d4c3d", size = 2478468 },
    { url = "https://files.pythonhosted.org/packages/d1/82/c22d06fd4f008048a6ffd0ace4e5dfdd5e69a53daf4ece60248617940efc/qiskit_aer-0.17.0-cp312-cp312-macosx_11_0_arm64.whl", hash = "sha256:4e3936e25833f42b431740ef494cc4502dc32f5aabb0f7305e98695d26104ade", size = 2165819 },
    { url = "https://files.pythonhosted.org/packages/08/05/93a8345e8db97a557efb5d92b2a35269396ad75d2e8dd8cc2e1d8f9daf24/qiskit_aer-0.17.0-cp312-cp312-manylinux_2_17_aarch64.manylinux2014_aarch64.whl", hash = "sha256:8fea4d0733eeb32c89593a521d3d8ad705d76e6d16351e1e5066561aa64c6c41", size = 6432784 },
    { url = "https://files.pythonhosted.org/packages/7b/4c/41efbf8986bf065bb23c63bd9c398437514f156dceea953b848ffc05d7bb/qiskit_aer-0.17.0-cp312-cp312-manylinux_2_17_i686.manylinux2014_i686.whl", hash = "sha256:ed17455b4c5523c49ee923fabdcb0e28137000fc470070e000d4b3216846f5c5", size = 7944679 },
    { url = "https://files.pythonhosted.org/packages/f2/24/f2b6c017ecca6e61693a6869cd6ef338627986322f66a33de1cd3855c0c0/qiskit_aer-0.17.0-cp312-cp312-manylinux_2_17_ppc64le.manylinux2014_ppc64le.whl", hash = "sha256:755284fd026c5eefdde716ec47a67ce862b11661a378b8a0867e96d0639fa991", size = 7893635 },
    { url = "https://files.pythonhosted.org/packages/dc/39/72bb4f7f3287aafeec3ae079536c2f33da83b37e78ea11cb343762c068e8/qiskit_aer-0.17.0-cp312-cp312-manylinux_2_17_x86_64.manylinux2014_x86_64.whl", hash = "sha256:6c4b54281e309ac9a8c7446149c29581195aac39f92e36bd7f9ad236b3a874b2", size = 12353778 },
    { url = "https://files.pythonhosted.org/packages/8d/35/2db9a31f2356e98bf54dca236bd4ccd98e826d303840a6c442f2255a329c/qiskit_aer-0.17.0-cp312-cp312-win32.whl", hash = "sha256:fb73909ae556efc29cb4ccf4004a519b61e1d09126bc7571675f927627deb80c", size = 6900612 },
    { url = "https://files.pythonhosted.org/packages/9d/3e/37630dc34a8ece87e4df6a1a50b48f3530f3e4327445aa601c3c21a92d36/qiskit_aer-0.17.0-cp312-cp312-win_amd64.whl", hash = "sha256:bfeafcb76fb864bfafd9d5dc1c90b3bf64b6918ff8d83466f516dc6e004f7f1f", size = 9524066 },
    { url = "https://files.pythonhosted.org/packages/52/ce/6a5e3af70975f2d89b14939bd77a0eb3e0eb174209264bd7847c0bc8da2f/qiskit_aer-0.17.0-cp313-cp313-macosx_10_13_x86_64.whl", hash = "sha256:c8e4a25da10718535e3a856b0d9667c349e95bb0bdd9627e2cf6955de1186494", size = 2478388 },
    { url = "https://files.pythonhosted.org/packages/30/3f/a605bcfb7112522a32d6df0acf53c3c9bf8365516ebae329ff2f3d59e676/qiskit_aer-0.17.0-cp313-cp313-macosx_11_0_arm64.whl", hash = "sha256:4658878ca93d2d3b3d3bf051f482a76407e69a4a8a4de2087f0edf7b72df8fef", size = 2165999 },
    { url = "https://files.pythonhosted.org/packages/d2/32/54f676a50deef939bb923076a0fc15bf0692502b99a79ce7d144121cb199/qiskit_aer-0.17.0-cp313-cp313-manylinux_2_17_aarch64.manylinux2014_aarch64.whl", hash = "sha256:e64606aacb61e776f5416afa987a79514666fa5447916c0e6d6dc6d5bf522ff4", size = 6432691 },
    { url = "https://files.pythonhosted.org/packages/91/74/e0a4d3a03e5149c7ff05db3f5240ffdb4b9d9a0ac23ab8f8308b095723d4/qiskit_aer-0.17.0-cp313-cp313-manylinux_2_17_i686.manylinux2014_i686.whl", hash = "sha256:cf3ffc81f9b66b9279c28a53762d6ae51cd97a40ec53853c7e9b05ba13c1cc4f", size = 7944176 },
    { url = "https://files.pythonhosted.org/packages/20/08/9693c54a2148fffc8fe22138ff567276a20564a6519e5930153fb25297fd/qiskit_aer-0.17.0-cp313-cp313-manylinux_2_17_x86_64.manylinux2014_x86_64.whl", hash = "sha256:4e755a1eb0ed887eba4122193deadc050e7b6e9a6df3f00a25adaca34099286e", size = 12353412 },
    { url = "https://files.pythonhosted.org/packages/59/f7/3006a462a93b8419f1e76c17b8b04ce05eab5bdcb53e9fd02b3102cea8f6/qiskit_aer-0.17.0-cp313-cp313-win32.whl", hash = "sha256:cf2f64421d74a54d3c2887bdaa86105006c3a08b59bd68e5d3f73a43ebc667dd", size = 6900812 },
    { url = "https://files.pythonhosted.org/packages/61/78/2bd0bd64c77e0f578567f4a5ebfa2d022fa5185f2a0ea1ff9c737e52627e/qiskit_aer-0.17.0-cp313-cp313-win_amd64.whl", hash = "sha256:569b1a69f2ccd55e79dfb450a808334985c32c8f43b6728aad0b134a43c657e3", size = 9524112 },
]

[[package]]
name = "rustworkx"
version = "0.16.0"
source = { registry = "https://pypi.org/simple" }
dependencies = [
    { name = "numpy" },
]
sdist = { url = "https://files.pythonhosted.org/packages/a5/c4/6d6ef39e57610d54c5f106dc3dece9eebce8b9d52d561ae092e3aede1b66/rustworkx-0.16.0.tar.gz", hash = "sha256:9f0dcb83f38d5ca2c3a683eb9b6951c8aec3262fbfe5141946a7ee5ba37e0bb6", size = 349524 }
wheels = [
    { url = "https://files.pythonhosted.org/packages/f8/70/36f5916aee41ffe4f604ad75742eb1bb1b849fb568e010555f9d159cd93e/rustworkx-0.16.0-cp39-abi3-macosx_10_12_x86_64.whl", hash = "sha256:476a6c67b0142acd941691943750cc6737a48372304489969c2b62d30aaf4c27", size = 2141999 },
    { url = "https://files.pythonhosted.org/packages/94/47/7e7c37fb73efcc87be6414b235534605c4008a4cdbd92a61db23b878eecd/rustworkx-0.16.0-cp39-abi3-macosx_11_0_arm64.whl", hash = "sha256:bef2ef42870f806af93979b457e240f6dfa4f867ca33965c620f3a804409ed3a", size = 1940309 },
    { url = "https://files.pythonhosted.org/packages/c6/42/a6d6b3137be55ef1d887becdf6b64b0917c7d437bd483065a88500a55603/rustworkx-0.16.0-cp39-abi3-manylinux_2_12_i686.manylinux2010_i686.manylinux_2_17_i686.manylinux2014_i686.whl", hash = "sha256:0db3a73bf68b3e66c08322a2fc95d3aa663d037d9b4e49c3509da4898d3529cc", size = 2195350 },
    { url = "https://files.pythonhosted.org/packages/59/d2/1bc99df831c132c4b7420a85ce9150e065f4c993798f31b6a4229f238398/rustworkx-0.16.0-cp39-abi3-manylinux_2_17_aarch64.manylinux2014_aarch64.whl", hash = "sha256:4f12a13d7486234fa2a84746d5e41f436bf9df43548043e7a232f48804ff8c61", size = 1971689 },
    { url = "https://files.pythonhosted.org/packages/b5/3b/1125e7eb834f4408bcec3cee79947efd504c715fb7ab1876f8cd4bbca497/rustworkx-0.16.0-cp39-abi3-manylinux_2_17_s390x.manylinux2014_s390x.whl", hash = "sha256:89efd5c3a4653ddacc55ca39f28b261d43deec7d678f8f8fc6b76b5087f1dfea", size = 3297342 },
    { url = "https://files.pythonhosted.org/packages/4f/e2/e21187b255c6211d71db0d08a44fc16771038b2af41712d66c408d9bec16/rustworkx-0.16.0-cp39-abi3-manylinux_2_17_x86_64.manylinux2014_x86_64.whl", hash = "sha256:ec0c12aac8c54910ace20ac6ada4b890cd39f95f69100514715f8ad7af9041e4", size = 2110107 },
    { url = "https://files.pythonhosted.org/packages/3c/79/e3fcff21f31253ea85ef196bf2fcabad7802b11468f7d3a5d592cd0ac789/rustworkx-0.16.0-cp39-abi3-musllinux_1_2_aarch64.whl", hash = "sha256:d650e39fc1a1534335f7517358ebfc3478bb235428463cfcd7c5750d50377b33", size = 2007544 },
    { url = "https://files.pythonhosted.org/packages/67/04/741ed09c2b0dc0f360f85270c1179ed433785372ac9ab6ab26d3dd3ae02d/rustworkx-0.16.0-cp39-abi3-musllinux_1_2_x86_64.whl", hash = "sha256:293180b83509ee9bff4c3af7ccc1024f6528d61b65d0cb7320bd31924f10cb71", size = 2172787 },
    { url = "https://files.pythonhosted.org/packages/6d/fd/9c71e90f8cde76fed95dbc1e7d019977b89a29492f49ded232c6fad3055f/rustworkx-0.16.0-cp39-abi3-win32.whl", hash = "sha256:040c4368729cf502f756a3b0ff5f1c6915fc389f74dcc6afc6c3833688c97c01", size = 1840183 },
    { url = "https://files.pythonhosted.org/packages/3e/79/9bdd52d2a33d468c81c1827de1b588080cb055d1d3561b194ab7bf2635b5/rustworkx-0.16.0-cp39-abi3-win_amd64.whl", hash = "sha256:905df608843c32fa45ac023687769fe13056edf7584474c801d5c50705d76e9b", size = 1953559 },
]

[[package]]
name = "scipy"
version = "1.15.3"
source = { registry = "https://pypi.org/simple" }
dependencies = [
    { name = "numpy" },
]
sdist = { url = "https://files.pythonhosted.org/packages/0f/37/6964b830433e654ec7485e45a00fc9a27cf868d622838f6b6d9c5ec0d532/scipy-1.15.3.tar.gz", hash = "sha256:eae3cf522bc7df64b42cad3925c876e1b0b6c35c1337c93e12c0f366f55b0eaf", size = 59419214 }
wheels = [
    { url = "https://files.pythonhosted.org/packages/96/ab/5cc9f80f28f6a7dff646c5756e559823614a42b1939d86dd0ed550470210/scipy-1.15.3-cp311-cp311-macosx_10_13_x86_64.whl", hash = "sha256:993439ce220d25e3696d1b23b233dd010169b62f6456488567e830654ee37a6b", size = 38714255 },
    { url = "https://files.pythonhosted.org/packages/4a/4a/66ba30abe5ad1a3ad15bfb0b59d22174012e8056ff448cb1644deccbfed2/scipy-1.15.3-cp311-cp311-macosx_12_0_arm64.whl", hash = "sha256:34716e281f181a02341ddeaad584205bd2fd3c242063bd3423d61ac259ca7eba", size = 30111035 },
    { url = "https://files.pythonhosted.org/packages/4b/fa/a7e5b95afd80d24313307f03624acc65801846fa75599034f8ceb9e2cbf6/scipy-1.15.3-cp311-cp311-macosx_14_0_arm64.whl", hash = "sha256:3b0334816afb8b91dab859281b1b9786934392aa3d527cd847e41bb6f45bee65", size = 22384499 },
    { url = "https://files.pythonhosted.org/packages/17/99/f3aaddccf3588bb4aea70ba35328c204cadd89517a1612ecfda5b2dd9d7a/scipy-1.15.3-cp311-cp311-macosx_14_0_x86_64.whl", hash = "sha256:6db907c7368e3092e24919b5e31c76998b0ce1684d51a90943cb0ed1b4ffd6c1", size = 25152602 },
    { url = "https://files.pythonhosted.org/packages/56/c5/1032cdb565f146109212153339f9cb8b993701e9fe56b1c97699eee12586/scipy-1.15.3-cp311-cp311-manylinux_2_17_aarch64.manylinux2014_aarch64.whl", hash = "sha256:721d6b4ef5dc82ca8968c25b111e307083d7ca9091bc38163fb89243e85e3889", size = 35503415 },
    { url = "https://files.pythonhosted.org/packages/bd/37/89f19c8c05505d0601ed5650156e50eb881ae3918786c8fd7262b4ee66d3/scipy-1.15.3-cp311-cp311-manylinux_2_17_x86_64.manylinux2014_x86_64.whl", hash = "sha256:39cb9c62e471b1bb3750066ecc3a3f3052b37751c7c3dfd0fd7e48900ed52982", size = 37652622 },
    { url = "https://files.pythonhosted.org/packages/7e/31/be59513aa9695519b18e1851bb9e487de66f2d31f835201f1b42f5d4d475/scipy-1.15.3-cp311-cp311-musllinux_1_2_aarch64.whl", hash = "sha256:795c46999bae845966368a3c013e0e00947932d68e235702b5c3f6ea799aa8c9", size = 37244796 },
    { url = "https://files.pythonhosted.org/packages/10/c0/4f5f3eeccc235632aab79b27a74a9130c6c35df358129f7ac8b29f562ac7/scipy-1.15.3-cp311-cp311-musllinux_1_2_x86_64.whl", hash = "sha256:18aaacb735ab38b38db42cb01f6b92a2d0d4b6aabefeb07f02849e47f8fb3594", size = 40047684 },
    { url = "https://files.pythonhosted.org/packages/ab/a7/0ddaf514ce8a8714f6ed243a2b391b41dbb65251affe21ee3077ec45ea9a/scipy-1.15.3-cp311-cp311-win_amd64.whl", hash = "sha256:ae48a786a28412d744c62fd7816a4118ef97e5be0bee968ce8f0a2fba7acf3bb", size = 41246504 },
    { url = "https://files.pythonhosted.org/packages/37/4b/683aa044c4162e10ed7a7ea30527f2cbd92e6999c10a8ed8edb253836e9c/scipy-1.15.3-cp312-cp312-macosx_10_13_x86_64.whl", hash = "sha256:6ac6310fdbfb7aa6612408bd2f07295bcbd3fda00d2d702178434751fe48e019", size = 38766735 },
    { url = "https://files.pythonhosted.org/packages/7b/7e/f30be3d03de07f25dc0ec926d1681fed5c732d759ac8f51079708c79e680/scipy-1.15.3-cp312-cp312-macosx_12_0_arm64.whl", hash = "sha256:185cd3d6d05ca4b44a8f1595af87f9c372bb6acf9c808e99aa3e9aa03bd98cf6", size = 30173284 },
    { url = "https://files.pythonhosted.org/packages/07/9c/0ddb0d0abdabe0d181c1793db51f02cd59e4901da6f9f7848e1f96759f0d/scipy-1.15.3-cp312-cp312-macosx_14_0_arm64.whl", hash = "sha256:05dc6abcd105e1a29f95eada46d4a3f251743cfd7d3ae8ddb4088047f24ea477", size = 22446958 },
    { url = "https://files.pythonhosted.org/packages/af/43/0bce905a965f36c58ff80d8bea33f1f9351b05fad4beaad4eae34699b7a1/scipy-1.15.3-cp312-cp312-macosx_14_0_x86_64.whl", hash = "sha256:06efcba926324df1696931a57a176c80848ccd67ce6ad020c810736bfd58eb1c", size = 25242454 },
    { url = "https://files.pythonhosted.org/packages/56/30/a6f08f84ee5b7b28b4c597aca4cbe545535c39fe911845a96414700b64ba/scipy-1.15.3-cp312-cp312-manylinux_2_17_aarch64.manylinux2014_aarch64.whl", hash = "sha256:c05045d8b9bfd807ee1b9f38761993297b10b245f012b11b13b91ba8945f7e45", size = 35210199 },
    { url = "https://files.pythonhosted.org/packages/0b/1f/03f52c282437a168ee2c7c14a1a0d0781a9a4a8962d84ac05c06b4c5b555/scipy-1.15.3-cp312-cp312-manylinux_2_17_x86_64.manylinux2014_x86_64.whl", hash = "sha256:271e3713e645149ea5ea3e97b57fdab61ce61333f97cfae392c28ba786f9bb49", size = 37309455 },
    { url = "https://files.pythonhosted.org/packages/89/b1/fbb53137f42c4bf630b1ffdfc2151a62d1d1b903b249f030d2b1c0280af8/scipy-1.15.3-cp312-cp312-musllinux_1_2_aarch64.whl", hash = "sha256:6cfd56fc1a8e53f6e89ba3a7a7251f7396412d655bca2aa5611c8ec9a6784a1e", size = 36885140 },
    { url = "https://files.pythonhosted.org/packages/2e/2e/025e39e339f5090df1ff266d021892694dbb7e63568edcfe43f892fa381d/scipy-1.15.3-cp312-cp312-musllinux_1_2_x86_64.whl", hash = "sha256:0ff17c0bb1cb32952c09217d8d1eed9b53d1463e5f1dd6052c7857f83127d539", size = 39710549 },
    { url = "https://files.pythonhosted.org/packages/e6/eb/3bf6ea8ab7f1503dca3a10df2e4b9c3f6b3316df07f6c0ded94b281c7101/scipy-1.15.3-cp312-cp312-win_amd64.whl", hash = "sha256:52092bc0472cfd17df49ff17e70624345efece4e1a12b23783a1ac59a1b728ed", size = 40966184 },
    { url = "https://files.pythonhosted.org/packages/73/18/ec27848c9baae6e0d6573eda6e01a602e5649ee72c27c3a8aad673ebecfd/scipy-1.15.3-cp313-cp313-macosx_10_13_x86_64.whl", hash = "sha256:2c620736bcc334782e24d173c0fdbb7590a0a436d2fdf39310a8902505008759", size = 38728256 },
    { url = "https://files.pythonhosted.org/packages/74/cd/1aef2184948728b4b6e21267d53b3339762c285a46a274ebb7863c9e4742/scipy-1.15.3-cp313-cp313-macosx_12_0_arm64.whl", hash = "sha256:7e11270a000969409d37ed399585ee530b9ef6aa99d50c019de4cb01e8e54e62", size = 30109540 },
    { url = "https://files.pythonhosted.org/packages/5b/d8/59e452c0a255ec352bd0a833537a3bc1bfb679944c4938ab375b0a6b3a3e/scipy-1.15.3-cp313-cp313-macosx_14_0_arm64.whl", hash = "sha256:8c9ed3ba2c8a2ce098163a9bdb26f891746d02136995df25227a20e71c396ebb", size = 22383115 },
    { url = "https://files.pythonhosted.org/packages/08/f5/456f56bbbfccf696263b47095291040655e3cbaf05d063bdc7c7517f32ac/scipy-1.15.3-cp313-cp313-macosx_14_0_x86_64.whl", hash = "sha256:0bdd905264c0c9cfa74a4772cdb2070171790381a5c4d312c973382fc6eaf730", size = 25163884 },
    { url = "https://files.pythonhosted.org/packages/a2/66/a9618b6a435a0f0c0b8a6d0a2efb32d4ec5a85f023c2b79d39512040355b/scipy-1.15.3-cp313-cp313-manylinux_2_17_aarch64.manylinux2014_aarch64.whl", hash = "sha256:79167bba085c31f38603e11a267d862957cbb3ce018d8b38f79ac043bc92d825", size = 35174018 },
    { url = "https://files.pythonhosted.org/packages/b5/09/c5b6734a50ad4882432b6bb7c02baf757f5b2f256041da5df242e2d7e6b6/scipy-1.15.3-cp313-cp313-manylinux_2_17_x86_64.manylinux2014_x86_64.whl", hash = "sha256:c9deabd6d547aee2c9a81dee6cc96c6d7e9a9b1953f74850c179f91fdc729cb7", size = 37269716 },
    { url = "https://files.pythonhosted.org/packages/77/0a/eac00ff741f23bcabd352731ed9b8995a0a60ef57f5fd788d611d43d69a1/scipy-1.15.3-cp313-cp313-musllinux_1_2_aarch64.whl", hash = "sha256:dde4fc32993071ac0c7dd2d82569e544f0bdaff66269cb475e0f369adad13f11", size = 36872342 },
    { url = "https://files.pythonhosted.org/packages/fe/54/4379be86dd74b6ad81551689107360d9a3e18f24d20767a2d5b9253a3f0a/scipy-1.15.3-cp313-cp313-musllinux_1_2_x86_64.whl", hash = "sha256:f77f853d584e72e874d87357ad70f44b437331507d1c311457bed8ed2b956126", size = 39670869 },
    { url = "https://files.pythonhosted.org/packages/87/2e/892ad2862ba54f084ffe8cc4a22667eaf9c2bcec6d2bff1d15713c6c0703/scipy-1.15.3-cp313-cp313-win_amd64.whl", hash = "sha256:b90ab29d0c37ec9bf55424c064312930ca5f4bde15ee8619ee44e69319aab163", size = 40988851 },
    { url = "https://files.pythonhosted.org/packages/1b/e9/7a879c137f7e55b30d75d90ce3eb468197646bc7b443ac036ae3fe109055/scipy-1.15.3-cp313-cp313t-macosx_10_13_x86_64.whl", hash = "sha256:3ac07623267feb3ae308487c260ac684b32ea35fd81e12845039952f558047b8", size = 38863011 },
    { url = "https://files.pythonhosted.org/packages/51/d1/226a806bbd69f62ce5ef5f3ffadc35286e9fbc802f606a07eb83bf2359de/scipy-1.15.3-cp313-cp313t-macosx_12_0_arm64.whl", hash = "sha256:6487aa99c2a3d509a5227d9a5e889ff05830a06b2ce08ec30df6d79db5fcd5c5", size = 30266407 },
    { url = "https://files.pythonhosted.org/packages/e5/9b/f32d1d6093ab9eeabbd839b0f7619c62e46cc4b7b6dbf05b6e615bbd4400/scipy-1.15.3-cp313-cp313t-macosx_14_0_arm64.whl", hash = "sha256:50f9e62461c95d933d5c5ef4a1f2ebf9a2b4e83b0db374cb3f1de104d935922e", size = 22540030 },
    { url = "https://files.pythonhosted.org/packages/e7/29/c278f699b095c1a884f29fda126340fcc201461ee8bfea5c8bdb1c7c958b/scipy-1.15.3-cp313-cp313t-macosx_14_0_x86_64.whl", hash = "sha256:14ed70039d182f411ffc74789a16df3835e05dc469b898233a245cdfd7f162cb", size = 25218709 },
    { url = "https://files.pythonhosted.org/packages/24/18/9e5374b617aba742a990581373cd6b68a2945d65cc588482749ef2e64467/scipy-1.15.3-cp313-cp313t-manylinux_2_17_aarch64.manylinux2014_aarch64.whl", hash = "sha256:0a769105537aa07a69468a0eefcd121be52006db61cdd8cac8a0e68980bbb723", size = 34809045 },
    { url = "https://files.pythonhosted.org/packages/e1/fe/9c4361e7ba2927074360856db6135ef4904d505e9b3afbbcb073c4008328/scipy-1.15.3-cp313-cp313t-manylinux_2_17_x86_64.manylinux2014_x86_64.whl", hash = "sha256:9db984639887e3dffb3928d118145ffe40eff2fa40cb241a306ec57c219ebbbb", size = 36703062 },
    { url = "https://files.pythonhosted.org/packages/b7/8e/038ccfe29d272b30086b25a4960f757f97122cb2ec42e62b460d02fe98e9/scipy-1.15.3-cp313-cp313t-musllinux_1_2_aarch64.whl", hash = "sha256:40e54d5c7e7ebf1aa596c374c49fa3135f04648a0caabcb66c52884b943f02b4", size = 36393132 },
    { url = "https://files.pythonhosted.org/packages/10/7e/5c12285452970be5bdbe8352c619250b97ebf7917d7a9a9e96b8a8140f17/scipy-1.15.3-cp313-cp313t-musllinux_1_2_x86_64.whl", hash = "sha256:5e721fed53187e71d0ccf382b6bf977644c533e506c4d33c3fb24de89f5c3ed5", size = 38979503 },
    { url = "https://files.pythonhosted.org/packages/81/06/0a5e5349474e1cbc5757975b21bd4fad0e72ebf138c5592f191646154e06/scipy-1.15.3-cp313-cp313t-win_amd64.whl", hash = "sha256:76ad1fb5f8752eabf0fa02e4cc0336b4e8f021e2d5f061ed37d6d264db35e3ca", size = 40308097 },
]

[[package]]
name = "setuptools"
version = "80.4.0"
source = { registry = "https://pypi.org/simple" }
sdist = { url = "https://files.pythonhosted.org/packages/95/32/0cc40fe41fd2adb80a2f388987f4f8db3c866c69e33e0b4c8b093fdf700e/setuptools-80.4.0.tar.gz", hash = "sha256:5a78f61820bc088c8e4add52932ae6b8cf423da2aff268c23f813cfbb13b4006", size = 1315008 }
wheels = [
    { url = "https://files.pythonhosted.org/packages/b1/93/dba5ed08c2e31ec7cdc2ce75705a484ef0be1a2fecac8a58272489349de8/setuptools-80.4.0-py3-none-any.whl", hash = "sha256:6cdc8cb9a7d590b237dbe4493614a9b75d0559b888047c1f67d49ba50fc3edb2", size = 1200812 },
]

[[package]]
name = "six"
version = "1.17.0"
source = { registry = "https://pypi.org/simple" }
sdist = { url = "https://files.pythonhosted.org/packages/94/e7/b2c673351809dca68a0e064b6af791aa332cf192da575fd474ed7d6f16a2/six-1.17.0.tar.gz", hash = "sha256:ff70335d468e7eb6ec65b95b99d3a2836546063f63acc5171de367e834932a81", size = 34031 }
wheels = [
    { url = "https://files.pythonhosted.org/packages/b7/ce/149a00dd41f10bc29e5921b496af8b574d8413afcd5e30dfa0ed46c2cc5e/six-1.17.0-py2.py3-none-any.whl", hash = "sha256:4721f391ed90541fddacab5acf947aa0d3dc7d27b2e1e8eda2be8970586c3274", size = 11050 },
]

[[package]]
name = "stevedore"
version = "5.4.1"
source = { registry = "https://pypi.org/simple" }
dependencies = [
    { name = "pbr" },
]
sdist = { url = "https://files.pythonhosted.org/packages/28/3f/13cacea96900bbd31bb05c6b74135f85d15564fc583802be56976c940470/stevedore-5.4.1.tar.gz", hash = "sha256:3135b5ae50fe12816ef291baff420acb727fcd356106e3e9cbfa9e5985cd6f4b", size = 513858 }
wheels = [
    { url = "https://files.pythonhosted.org/packages/f7/45/8c4ebc0c460e6ec38e62ab245ad3c7fc10b210116cea7c16d61602aa9558/stevedore-5.4.1-py3-none-any.whl", hash = "sha256:d10a31c7b86cba16c1f6e8d15416955fc797052351a56af15e608ad20811fcfe", size = 49533 },
]

[[package]]
name = "symengine"
version = "0.13.0"
source = { registry = "https://pypi.org/simple" }
sdist = { url = "https://files.pythonhosted.org/packages/6b/ff/a2041497a482a0ae585672fe12cc8983c7fc46ce792811b55a067e5e5516/symengine-0.13.0.tar.gz", hash = "sha256:ab83a08897ebf12579702c2b71ba73d4732fb706cc4291d810aedf39c690c14c", size = 114237 }
wheels = [
    { url = "https://files.pythonhosted.org/packages/47/a7/e69cff22c2b169b469faa390f0102fbdefe1dfede893a086454483db0fc3/symengine-0.13.0-cp311-cp311-macosx_10_13_x86_64.whl", hash = "sha256:da0eba7e106095cdce88eb275c8a9d7c4586ad88f229394c53e1184155c00745", size = 25878286 },
    { url = "https://files.pythonhosted.org/packages/60/40/bb3faf5a3d4cc99cf5252cc3f4f5267568abd4aae6439374623841cc0025/symengine-0.13.0-cp311-cp311-macosx_11_0_arm64.whl", hash = "sha256:b0c175f4f895a73a925508af03faf7efd6cad8593256bbdb5346bd996d3ec5c8", size = 22721741 },
    { url = "https://files.pythonhosted.org/packages/de/da/d6350f60f11abc7ee56fcb6b996deba7b31584b5942a4c5db7d3d4f324dd/symengine-0.13.0-cp311-cp311-manylinux_2_17_aarch64.manylinux2014_aarch64.whl", hash = "sha256:e58d1e2abd08381aa0cf24c88c0e8b7f592df92619b51e32d36835fbd2dd6ae8", size = 60999516 },
    { url = "https://files.pythonhosted.org/packages/d1/ee/db107db7d0557aa8dbc9485741a60dd4f869d3da32180710506f9ba942b9/symengine-0.13.0-cp311-cp311-manylinux_2_17_ppc64le.manylinux2014_ppc64le.whl", hash = "sha256:1db745f2c7a3c5e83510cf4decb43201f43552dfb05ad8af9787c89708be9ede", size = 90019965 },
    { url = "https://files.pythonhosted.org/packages/8f/f0/0642f5d9681ff26e57c317d0514315cf1b0dfe1bc8f68ee14a13a270d704/symengine-0.13.0-cp311-cp311-manylinux_2_17_x86_64.manylinux2014_x86_64.whl", hash = "sha256:b2572c98b09ac284db6ecff63f6170461194dc94c4209afd34c092ec67873d85", size = 49690621 },
    { url = "https://files.pythonhosted.org/packages/54/85/4300eda41959e3839115b2cb0ddb21818804f5eb129cf92eb9cc55c6efe5/symengine-0.13.0-cp311-cp311-win_amd64.whl", hash = "sha256:12727f02a2919f005aee48e68e0cbb70cf857b19385857b4d985d1c9b075f620", size = 17831939 },
    { url = "https://files.pythonhosted.org/packages/a1/b2/786d3efb98ae1c8e0a9869d6901f24a6633bd621f9e4e1427c86bff35abb/symengine-0.13.0-cp312-cp312-macosx_10_13_x86_64.whl", hash = "sha256:cf91d24f1bfd6d53228593c7804dd106b71b19674d5afc4fa322d516e1793bdd", size = 25853458 },
    { url = "https://files.pythonhosted.org/packages/3f/74/78b9e7f17c9b9b345d8ef0dbdefebbfc2c7f00693949c6b5808f8a9e54d8/symengine-0.13.0-cp312-cp312-macosx_11_0_arm64.whl", hash = "sha256:c5615b7eb68890917abd390ebb10434a949165f6064741c1a8cc345fee14e855", size = 22713256 },
    { url = "https://files.pythonhosted.org/packages/1d/a8/69f429946e9a9e63a141dcbe519df8a8c3d56aa75fa8440716871efd8b75/symengine-0.13.0-cp312-cp312-manylinux_2_17_aarch64.manylinux2014_aarch64.whl", hash = "sha256:fb92bdf0890de264abaeacbfbdbd4dd7444b94057bd47958d913b662e549ad8a", size = 60847852 },
    { url = "https://files.pythonhosted.org/packages/f5/3c/a613d5fa73c1b05eb4f0a4bc2bfa21314d37c89dcdb355da684b5f9bea46/symengine-0.13.0-cp312-cp312-manylinux_2_17_ppc64le.manylinux2014_ppc64le.whl", hash = "sha256:7b3bce486fbc0b87970ed1b10ca9d5cafb1fd6b66382fe631261d83592851d7e", size = 89691094 },
    { url = "https://files.pythonhosted.org/packages/90/9f/5a171a9edff23eb0e33e0a2dca295a8b25fd64491ebe8cf765e489bd2bcd/symengine-0.13.0-cp312-cp312-manylinux_2_17_x86_64.manylinux2014_x86_64.whl", hash = "sha256:f7e6bae9cfcdde2775d92fbb0abe3ef04e32f65ebc4c2d164ca33f4da202d4a7", size = 49584342 },
    { url = "https://files.pythonhosted.org/packages/07/16/a69dffc665e5007a0b4f1500fc401316aa070d109f83bc6887802dce199d/symengine-0.13.0-cp312-cp312-win_amd64.whl", hash = "sha256:bced0a1dbdb94737c299384c85ddbad6944ce8dadc334f7bb8dbbd8f6c965807", size = 17787218 },
    { url = "https://files.pythonhosted.org/packages/f2/51/36ea8d87b61f34d585d09ff585cdc2ba136c501e0a96e861fe81fd0efa5b/symengine-0.13.0-cp313-cp313-macosx_10_13_x86_64.whl", hash = "sha256:5d34df77971538e4c29f2d8e5ef7f459c2179465e6cdb7dfd48b79b87ecd8f4d", size = 25838153 },
    { url = "https://files.pythonhosted.org/packages/2a/f7/73cd707633c01760df27d340ac2868788fa0a35034aa09f51f6a289d9a07/symengine-0.13.0-cp313-cp313-macosx_11_0_arm64.whl", hash = "sha256:ab2661d9b18867e7c6edbfa7a74b8b0a2a694bd24aa08003dc3214f77cb9d6f2", size = 22706111 },
    { url = "https://files.pythonhosted.org/packages/bc/e7/a1ddc4cc3f2604b18965342523cddd6160b6406d1ef21b58a2dea1c46312/symengine-0.13.0-cp313-cp313-manylinux_2_17_aarch64.manylinux2014_aarch64.whl", hash = "sha256:53f27b9013878ee4419d8e853664d8ae4b68419e3f4b9b5b7f503d32bf904755", size = 60848269 },
    { url = "https://files.pythonhosted.org/packages/8a/f5/b127d236a8ccce8b85cec8bcb0221cbb6a4e651d6f5511da925e10714a4c/symengine-0.13.0-cp313-cp313-manylinux_2_17_ppc64le.manylinux2014_ppc64le.whl", hash = "sha256:27987f75ce08c64f453e2b9b74fec6ffc5ca418c4deca0b75580979d4a4e242a", size = 89679345 },
    { url = "https://files.pythonhosted.org/packages/49/d0/b07c71dfb6f7f47f90495d67cb0b2264f94f2fb9380e528fe4fcec4c5cfa/symengine-0.13.0-cp313-cp313-manylinux_2_17_x86_64.manylinux2014_x86_64.whl", hash = "sha256:e9ea9410330ea15ed4137d7a0a3c43caccacb71490e18036ce5182d08c93baf8", size = 49582795 },
    { url = "https://files.pythonhosted.org/packages/de/c6/3ce562ec269b033a738b99aa75729d564bfe465a765a5b5810200924f5c9/symengine-0.13.0-cp313-cp313-win_amd64.whl", hash = "sha256:5031eb7a5c6675d5195bb57f93cc7d9ac5a7a9a826d4ad6f6b2927746ed7e6e6", size = 17786679 },
    { url = "https://files.pythonhosted.org/packages/ca/0f/02031b4ed54fb088ade94082e4658160333c2d5c6629ca7e567ea5a23720/symengine-0.13.0-cp313-cp313t-macosx_10_13_x86_64.whl", hash = "sha256:ce0e5dfb19943bcf3e44a4485bcac4c5533ba3705c63083494eed0b3bf246076", size = 25795209 },
    { url = "https://files.pythonhosted.org/packages/34/c0/03e9e34a4e2af73dd786fb966ee3ad7ffa57659e79e4ac390be9e9f6aded/symengine-0.13.0-cp313-cp313t-macosx_11_0_arm64.whl", hash = "sha256:c3b77dc54bf1181f6bd3b3338c4e6e5973a8b0fa20a189d15563ef5626e57b04", size = 22670484 },
    { url = "https://files.pythonhosted.org/packages/9d/13/66c8510403089ee157f0a8930a2e043e6f4de9ee514c8084adb958934058/symengine-0.13.0-cp313-cp313t-manylinux_2_17_aarch64.manylinux2014_aarch64.whl", hash = "sha256:ca7c3f6c168f6f5b06b421833c3d3baae56067a94b671bdffbe09b8e4fefd9be", size = 60739889 },
    { url = "https://files.pythonhosted.org/packages/70/fe/d0c778204d855257865e713fcbfef11dde34621e07fee439d4d117f43203/symengine-0.13.0-cp313-cp313t-manylinux_2_17_ppc64le.manylinux2014_ppc64le.whl", hash = "sha256:847523de682416811bacb3ad11507e663b3522fbb35cd27184757e9956d0eaf0", size = 89405899 },
    { url = "https://files.pythonhosted.org/packages/66/f6/f546e527caf35b7d0f14dbcea278134d4e46d7431821b9ca9f5ec3388a6a/symengine-0.13.0-cp313-cp313t-manylinux_2_17_x86_64.manylinux2014_x86_64.whl", hash = "sha256:ec2fc1b7d96426463f0c9011e9fb88459d906477c1baa8a996dde6fb2bfa99d4", size = 49474632 },
]

[[package]]
name = "sympy"
version = "1.14.0"
source = { registry = "https://pypi.org/simple" }
dependencies = [
    { name = "mpmath" },
]
sdist = { url = "https://files.pythonhosted.org/packages/83/d3/803453b36afefb7c2bb238361cd4ae6125a569b4db67cd9e79846ba2d68c/sympy-1.14.0.tar.gz", hash = "sha256:d3d3fe8df1e5a0b42f0e7bdf50541697dbe7d23746e894990c030e2b05e72517", size = 7793921 }
wheels = [
    { url = "https://files.pythonhosted.org/packages/a2/09/77d55d46fd61b4a135c444fc97158ef34a095e5681d0a6c10b75bf356191/sympy-1.14.0-py3-none-any.whl", hash = "sha256:e091cc3e99d2141a0ba2847328f5479b05d94a6635cb96148ccb3f34671bd8f5", size = 6299353 },
]

[[package]]
name = "typing-extensions"
version = "4.13.2"
source = { registry = "https://pypi.org/simple" }
sdist = { url = "https://files.pythonhosted.org/packages/f6/37/23083fcd6e35492953e8d2aaaa68b860eb422b34627b13f2ce3eb6106061/typing_extensions-4.13.2.tar.gz", hash = "sha256:e6c81219bd689f51865d9e372991c540bda33a0379d5573cddb9a3a23f7caaef", size = 106967 }
wheels = [
    { url = "https://files.pythonhosted.org/packages/8b/54/b1ae86c0973cc6f0210b53d508ca3641fb6d0c56823f288d108bc7ab3cc8/typing_extensions-4.13.2-py3-none-any.whl", hash = "sha256:a439e7c04b49fec3e5d3e2beaa21755cadbbdc391694e28ccdd36ca4a1408f8c", size = 45806 },
]
